
Microsoft Visual Studio Solution File, Format Version 12.00
# Visual Studio Version 17
VisualStudioVersion = 17.7.34024.191
MinimumVisualStudioVersion = 10.0.40219.1
Project("{FAE04EC0-301F-11D3-BF4B-00C04F79EFBC}") = "WinFormsApp10", "WinFormsApp10\WinFormsApp10.csproj", "{FAA21AD7-8057-48C0-8DA3-C025B888F3BE}"
EndProject
Global
	GlobalSection(SolutionConfigurationPlatforms) = preSolution
		Debug|Any CPU = Debug|Any CPU
		Release|Any CPU = Release|Any CPU
	EndGlobalSection
	GlobalSection(ProjectConfigurationPlatforms) = postSolution
		{FAA21AD7-8057-48C0-8DA3-C025B888F3BE}.Debug|Any CPU.ActiveCfg = Debug|Any CPU
		{FAA21AD7-8057-48C0-8DA3-C025B888F3BE}.Debug|Any CPU.Build.0 = Debug|Any CPU
		{FAA21AD7-8057-48C0-8DA3-C025B888F3BE}.Release|Any CPU.ActiveCfg = Release|Any CPU
		{FAA21AD7-8057-48C0-8DA3-C025B888F3BE}.Release|Any CPU.Build.0 = Release|Any CPU
	EndGlobalSection
	GlobalSection(SolutionProperties) = preSolution
		HideSolutionNode = FALSE
	EndGlobalSection
	GlobalSection(ExtensibilityGlobals) = postSolution
		SolutionGuid = {0229A437-C734-444D-9574-5A3E571BF485}
	EndGlobalSection
EndGlobal
